Microsoft Visual Studio Solution File, Format Version 11.00
# Visual Studio 2008

Project("{F07D296C-E0E2-FEE7-0531-EC99FED3C00F}") = "mosquito isle", "Assembly-CSharp-firstpass.csproj", "{A059BF8A-E2DF-BBEF-2F18-C41F5A462AEE}"
EndProject
Project("{F07D296C-E0E2-FEE7-0531-EC99FED3C00F}") = "mosquito isle", "Assembly-CSharp.csproj", "{07642794-012B-2BBA-32B1-A09E4F6EFD91}"
EndProject
Project("{F07D296C-E0E2-FEE7-0531-EC99FED3C00F}") = "mosquito isle", "Assembly-CSharp-Editor.csproj", "{5BCBB7C4-9770-780B-AA87-8CBB761B8829}"
EndProject
Global
	GlobalSection(SolutionConfigurationPlatforms) = preSolution
		Debug|Any CPU = Debug|Any CPU
		Release|Any CPU = Release|Any CPU
	EndGlobalSection
	GlobalSection(ProjectConfigurationPlatforms) = postSolution
		{A059BF8A-E2DF-BBEF-2F18-C41F5A462AEE}.Debug|Any CPU.ActiveCfg = Debug|Any CPU
		{A059BF8A-E2DF-BBEF-2F18-C41F5A462AEE}.Debug|Any CPU.Build.0 = Debug|Any CPU
		{A059BF8A-E2DF-BBEF-2F18-C41F5A462AEE}.Release|Any CPU.ActiveCfg = Release|Any CPU
		{A059BF8A-E2DF-BBEF-2F18-C41F5A462AEE}.Release|Any CPU.Build.0 = Release|Any CPU
		{07642794-012B-2BBA-32B1-A09E4F6EFD91}.Debug|Any CPU.ActiveCfg = Debug|Any CPU
		{07642794-012B-2BBA-32B1-A09E4F6EFD91}.Debug|Any CPU.Build.0 = Debug|Any CPU
		{07642794-012B-2BBA-32B1-A09E4F6EFD91}.Release|Any CPU.ActiveCfg = Release|Any CPU
		{07642794-012B-2BBA-32B1-A09E4F6EFD91}.Release|Any CPU.Build.0 = Release|Any CPU
		{5BCBB7C4-9770-780B-AA87-8CBB761B8829}.Debug|Any CPU.ActiveCfg = Debug|Any CPU
		{5BCBB7C4-9770-780B-AA87-8CBB761B8829}.Debug|Any CPU.Build.0 = Debug|Any CPU
		{5BCBB7C4-9770-780B-AA87-8CBB761B8829}.Release|Any CPU.ActiveCfg = Release|Any CPU
		{5BCBB7C4-9770-780B-AA87-8CBB761B8829}.Release|Any CPU.Build.0 = Release|Any CPU
	EndGlobalSection
	GlobalSection(SolutionProperties) = preSolution
		HideSolutionNode = FALSE
	EndGlobalSection
																																									GlobalSection(MonoDevelopProperties) = preSolution
		StartupItem = Assembly-CSharp.csproj
		Policies = $0
		$0.TextStylePolicy = $1
		$1.inheritsSet = null
		$1.scope = text/x-csharp
		$0.CSharpFormattingPolicy = $2
		$2.inheritsSet = Mono
		$2.inheritsScope = text/x-csharp
		$2.scope = text/x-csharp
		$0.TextStylePolicy = $3
		$3.FileWidth = 120
		$3.TabWidth = 4
		$3.IndentWidth = 4
		$3.EolMarker = Unix
		$3.inheritsSet = Mono
		$3.inheritsScope = text/plain
		$3.scope = text/plain
	EndGlobalSection

EndGlobal
